
Microsoft Visual Studio Solution File, Format Version 12.00
# Visual Studio Version 17
VisualStudioVersion = 17.11.35312.102
MinimumVisualStudioVersion = 10.0.40219.1
Project("{9A19103F-16F7-4668-BE54-9A1E7A4F7556}") = "Tradez.Shared", "Tradez.Shared\Tradez.Shared.csproj", "{C478242D-57F6-43AD-B0E8-BC1AFA602871}"
EndProject
Project("{9A19103F-16F7-4668-BE54-9A1E7A4F7556}") = "Tradez.Maui", "Tradez.Maui\Tradez.Maui.csproj", "{B2D5A6AC-4FFB-4C15-BDE6-0AF00FD01A91}"
EndProject
Project("{9A19103F-16F7-4668-BE54-9A1E7A4F7556}") = "Tradez.Domain", "Tradez.Domain\Tradez.Domain.csproj", "{50E01B29-EAB8-4D3E-8E3D-3711E3DD09B9}"
EndProject
Project("{9A19103F-16F7-4668-BE54-9A1E7A4F7556}") = "Tradez.UseCases", "Tradez.UseCases\Tradez.UseCases.csproj", "{2F2B20C2-0A97-494E-8625-61A2D9BD0DBD}"
EndProject
Project("{FAE04EC0-301F-11D3-BF4B-00C04F79EFBC}") = "Tradez.Tests", "Tradez.Tests\Tradez.Tests.csproj", "{429EE1A7-4976-49FF-9E1A-644D4C8933E1}"
EndProject
Global
	GlobalSection(SolutionConfigurationPlatforms) = preSolution
		Debug|Any CPU = Debug|Any CPU
		Release|Any CPU = Release|Any CPU
	EndGlobalSection
	GlobalSection(ProjectConfigurationPlatforms) = postSolution
		{C478242D-57F6-43AD-B0E8-BC1AFA602871}.Debug|Any CPU.ActiveCfg = Debug|Any CPU
		{C478242D-57F6-43AD-B0E8-BC1AFA602871}.Debug|Any CPU.Build.0 = Debug|Any CPU
		{C478242D-57F6-43AD-B0E8-BC1AFA602871}.Release|Any CPU.ActiveCfg = Release|Any CPU
		{C478242D-57F6-43AD-B0E8-BC1AFA602871}.Release|Any CPU.Build.0 = Release|Any CPU
		{B2D5A6AC-4FFB-4C15-BDE6-0AF00FD01A91}.Debug|Any CPU.ActiveCfg = Debug|Any CPU
		{B2D5A6AC-4FFB-4C15-BDE6-0AF00FD01A91}.Debug|Any CPU.Build.0 = Debug|Any CPU
		{B2D5A6AC-4FFB-4C15-BDE6-0AF00FD01A91}.Debug|Any CPU.Deploy.0 = Debug|Any CPU
		{B2D5A6AC-4FFB-4C15-BDE6-0AF00FD01A91}.Release|Any CPU.ActiveCfg = Release|Any CPU
		{B2D5A6AC-4FFB-4C15-BDE6-0AF00FD01A91}.Release|Any CPU.Build.0 = Release|Any CPU
		{B2D5A6AC-4FFB-4C15-BDE6-0AF00FD01A91}.Release|Any CPU.Deploy.0 = Release|Any CPU
		{50E01B29-EAB8-4D3E-8E3D-3711E3DD09B9}.Debug|Any CPU.ActiveCfg = Debug|Any CPU
		{50E01B29-EAB8-4D3E-8E3D-3711E3DD09B9}.Debug|Any CPU.Build.0 = Debug|Any CPU
		{50E01B29-EAB8-4D3E-8E3D-3711E3DD09B9}.Release|Any CPU.ActiveCfg = Release|Any CPU
		{50E01B29-EAB8-4D3E-8E3D-3711E3DD09B9}.Release|Any CPU.Build.0 = Release|Any CPU
		{2F2B20C2-0A97-494E-8625-61A2D9BD0DBD}.Debug|Any CPU.ActiveCfg = Debug|Any CPU
		{2F2B20C2-0A97-494E-8625-61A2D9BD0DBD}.Debug|Any CPU.Build.0 = Debug|Any CPU
		{2F2B20C2-0A97-494E-8625-61A2D9BD0DBD}.Release|Any CPU.ActiveCfg = Release|Any CPU
		{2F2B20C2-0A97-494E-8625-61A2D9BD0DBD}.Release|Any CPU.Build.0 = Release|Any CPU
		{429EE1A7-4976-49FF-9E1A-644D4C8933E1}.Debug|Any CPU.ActiveCfg = Debug|Any CPU
		{429EE1A7-4976-49FF-9E1A-644D4C8933E1}.Debug|Any CPU.Build.0 = Debug|Any CPU
		{429EE1A7-4976-49FF-9E1A-644D4C8933E1}.Release|Any CPU.ActiveCfg = Release|Any CPU
		{429EE1A7-4976-49FF-9E1A-644D4C8933E1}.Release|Any CPU.Build.0 = Release|Any CPU
	EndGlobalSection
	GlobalSection(SolutionProperties) = preSolution
		HideSolutionNode = FALSE
	EndGlobalSection
	GlobalSection(ExtensibilityGlobals) = postSolution
		SolutionGuid = {DED731F2-9854-4958-9749-029E60FC8F0B}
	EndGlobalSection
EndGlobal
